
Microsoft Visual Studio Solution File, Format Version 12.00
# Visual Studio Version 17
VisualStudioVersion = 17.13.35931.197 d17.13
MinimumVisualStudioVersion = 10.0.40219.1
Project("{FAE04EC0-301F-11D3-BF4B-00C04F79EFBC}") = "ActionPredicateFuncPractica", "ActionPredicateFuncPractica\ActionPredicateFuncPractica.csproj", "{EA928745-95DF-4E14-AAE6-77D5FD72CD75}"
EndProject
Global
	GlobalSection(SolutionConfigurationPlatforms) = preSolution
		Debug|Any CPU = Debug|Any CPU
		Release|Any CPU = Release|Any CPU
	EndGlobalSection
	GlobalSection(ProjectConfigurationPlatforms) = postSolution
		{EA928745-95DF-4E14-AAE6-77D5FD72CD75}.Debug|Any CPU.ActiveCfg = Debug|Any CPU
		{EA928745-95DF-4E14-AAE6-77D5FD72CD75}.Debug|Any CPU.Build.0 = Debug|Any CPU
		{EA928745-95DF-4E14-AAE6-77D5FD72CD75}.Release|Any CPU.ActiveCfg = Release|Any CPU
		{EA928745-95DF-4E14-AAE6-77D5FD72CD75}.Release|Any CPU.Build.0 = Release|Any CPU
	EndGlobalSection
	GlobalSection(SolutionProperties) = preSolution
		HideSolutionNode = FALSE
	EndGlobalSection
	GlobalSection(ExtensibilityGlobals) = postSolution
		SolutionGuid = {24F1F28B-D9E9-464E-80CB-99F68719D918}
	EndGlobalSection
EndGlobal
