
Microsoft Visual Studio Solution File, Format Version 12.00
# Visual Studio Version 17
VisualStudioVersion = 17.13.35825.156 d17.13
MinimumVisualStudioVersion = 10.0.40219.1
Project("{FAE04EC0-301F-11D3-BF4B-00C04F79EFBC}") = "Home-Work-1", "Home-Work-1\Home-Work-1.csproj", "{F0F59278-A670-439E-BEFD-91485811A5C1}"
EndProject
Global
	GlobalSection(SolutionConfigurationPlatforms) = preSolution
		Debug|Any CPU = Debug|Any CPU
		Release|Any CPU = Release|Any CPU
	EndGlobalSection
	GlobalSection(ProjectConfigurationPlatforms) = postSolution
		{F0F59278-A670-439E-BEFD-91485811A5C1}.Debug|Any CPU.ActiveCfg = Debug|Any CPU
		{F0F59278-A670-439E-BEFD-91485811A5C1}.Debug|Any CPU.Build.0 = Debug|Any CPU
		{F0F59278-A670-439E-BEFD-91485811A5C1}.Release|Any CPU.ActiveCfg = Release|Any CPU
		{F0F59278-A670-439E-BEFD-91485811A5C1}.Release|Any CPU.Build.0 = Release|Any CPU
	EndGlobalSection
	GlobalSection(SolutionProperties) = preSolution
		HideSolutionNode = FALSE
	EndGlobalSection
	GlobalSection(ExtensibilityGlobals) = postSolution
		SolutionGuid = {9BE88170-1D19-4371-9D86-B7F065775294}
	EndGlobalSection
EndGlobal
