
Microsoft Visual Studio Solution File, Format Version 12.00
# Visual Studio Version 17
VisualStudioVersion = 17.13.35825.156 d17.13
MinimumVisualStudioVersion = 10.0.40219.1
Project("{FAE04EC0-301F-11D3-BF4B-00C04F79EFBC}") = "HealetMvc", "HealetMvc\HealetMvc.csproj", "{DC56452E-B01D-4486-B244-D45943DB206F}"
EndProject
Global
	GlobalSection(SolutionConfigurationPlatforms) = preSolution
		Debug|Any CPU = Debug|Any CPU
		Release|Any CPU = Release|Any CPU
	EndGlobalSection
	GlobalSection(ProjectConfigurationPlatforms) = postSolution
		{DC56452E-B01D-4486-B244-D45943DB206F}.Debug|Any CPU.ActiveCfg = Debug|Any CPU
		{DC56452E-B01D-4486-B244-D45943DB206F}.Debug|Any CPU.Build.0 = Debug|Any CPU
		{DC56452E-B01D-4486-B244-D45943DB206F}.Release|Any CPU.ActiveCfg = Release|Any CPU
		{DC56452E-B01D-4486-B244-D45943DB206F}.Release|Any CPU.Build.0 = Release|Any CPU
	EndGlobalSection
	GlobalSection(SolutionProperties) = preSolution
		HideSolutionNode = FALSE
	EndGlobalSection
	GlobalSection(ExtensibilityGlobals) = postSolution
		SolutionGuid = {5C108543-EA2F-4D26-BFF4-2AAF95421C20}
	EndGlobalSection
EndGlobal
