
Microsoft Visual Studio Solution File, Format Version 12.00
# Visual Studio Version 17
VisualStudioVersion = 17.13.35931.197 d17.13
MinimumVisualStudioVersion = 10.0.40219.1
Project("{FAE04EC0-301F-11D3-BF4B-00C04F79EFBC}") = "LessonRepository.API", "LessonRepository.API\LessonRepository.API.csproj", "{74811457-FCD2-4C82-86F0-720F6D56A039}"
EndProject
Project("{FAE04EC0-301F-11D3-BF4B-00C04F79EFBC}") = "LessonRepository.BL", "LessonRepository.BL\LessonRepository.BL.csproj", "{82CAFFAC-9680-4C1C-9520-64B7B45B4AE0}"
EndProject
Project("{FAE04EC0-301F-11D3-BF4B-00C04F79EFBC}") = "LessonRepository.DAL", "LessonRepository.DAL\LessonRepository.DAL.csproj", "{D0EFA15A-1E94-432A-BB23-1C7CA7696E02}"
EndProject
Global
	GlobalSection(SolutionConfigurationPlatforms) = preSolution
		Debug|Any CPU = Debug|Any CPU
		Release|Any CPU = Release|Any CPU
	EndGlobalSection
	GlobalSection(ProjectConfigurationPlatforms) = postSolution
		{74811457-FCD2-4C82-86F0-720F6D56A039}.Debug|Any CPU.ActiveCfg = Debug|Any CPU
		{74811457-FCD2-4C82-86F0-720F6D56A039}.Debug|Any CPU.Build.0 = Debug|Any CPU
		{74811457-FCD2-4C82-86F0-720F6D56A039}.Release|Any CPU.ActiveCfg = Release|Any CPU
		{74811457-FCD2-4C82-86F0-720F6D56A039}.Release|Any CPU.Build.0 = Release|Any CPU
		{82CAFFAC-9680-4C1C-9520-64B7B45B4AE0}.Debug|Any CPU.ActiveCfg = Debug|Any CPU
		{82CAFFAC-9680-4C1C-9520-64B7B45B4AE0}.Debug|Any CPU.Build.0 = Debug|Any CPU
		{82CAFFAC-9680-4C1C-9520-64B7B45B4AE0}.Release|Any CPU.ActiveCfg = Release|Any CPU
		{82CAFFAC-9680-4C1C-9520-64B7B45B4AE0}.Release|Any CPU.Build.0 = Release|Any CPU
		{D0EFA15A-1E94-432A-BB23-1C7CA7696E02}.Debug|Any CPU.ActiveCfg = Debug|Any CPU
		{D0EFA15A-1E94-432A-BB23-1C7CA7696E02}.Debug|Any CPU.Build.0 = Debug|Any CPU
		{D0EFA15A-1E94-432A-BB23-1C7CA7696E02}.Release|Any CPU.ActiveCfg = Release|Any CPU
		{D0EFA15A-1E94-432A-BB23-1C7CA7696E02}.Release|Any CPU.Build.0 = Release|Any CPU
	EndGlobalSection
	GlobalSection(SolutionProperties) = preSolution
		HideSolutionNode = FALSE
	EndGlobalSection
	GlobalSection(ExtensibilityGlobals) = postSolution
		SolutionGuid = {6C3D8E41-DFDE-4D2F-8EAF-97C5D10831D2}
	EndGlobalSection
EndGlobal
