
Microsoft Visual Studio Solution File, Format Version 12.00
# Visual Studio Version 17
VisualStudioVersion = 17.13.35931.197 d17.13
MinimumVisualStudioVersion = 10.0.40219.1
Project("{FAE04EC0-301F-11D3-BF4B-00C04F79EFBC}") = "ListForHotel", "ListForHotel\ListForHotel.csproj", "{33470237-C285-4B5D-9D7C-EA8516937CEB}"
EndProject
Global
	GlobalSection(SolutionConfigurationPlatforms) = preSolution
		Debug|Any CPU = Debug|Any CPU
		Release|Any CPU = Release|Any CPU
	EndGlobalSection
	GlobalSection(ProjectConfigurationPlatforms) = postSolution
		{33470237-C285-4B5D-9D7C-EA8516937CEB}.Debug|Any CPU.ActiveCfg = Debug|Any CPU
		{33470237-C285-4B5D-9D7C-EA8516937CEB}.Debug|Any CPU.Build.0 = Debug|Any CPU
		{33470237-C285-4B5D-9D7C-EA8516937CEB}.Release|Any CPU.ActiveCfg = Release|Any CPU
		{33470237-C285-4B5D-9D7C-EA8516937CEB}.Release|Any CPU.Build.0 = Release|Any CPU
	EndGlobalSection
	GlobalSection(SolutionProperties) = preSolution
		HideSolutionNode = FALSE
	EndGlobalSection
	GlobalSection(ExtensibilityGlobals) = postSolution
		SolutionGuid = {70B56A7C-6E3A-4F2A-AE99-25C1E5FE9A5D}
	EndGlobalSection
EndGlobal
