
Microsoft Visual Studio Solution File, Format Version 12.00
# Visual Studio Version 17
VisualStudioVersion = 17.13.35931.197 d17.13
MinimumVisualStudioVersion = 10.0.40219.1
Project("{FAE04EC0-301F-11D3-BF4B-00C04F79EFBC}") = "BookstoreOrderSystem", "BookstoreOrderSystem\BookstoreOrderSystem.csproj", "{9C7BB617-FA22-4F00-9F78-25D1B793E0D6}"
EndProject
Global
	GlobalSection(SolutionConfigurationPlatforms) = preSolution
		Debug|Any CPU = Debug|Any CPU
		Release|Any CPU = Release|Any CPU
	EndGlobalSection
	GlobalSection(ProjectConfigurationPlatforms) = postSolution
		{9C7BB617-FA22-4F00-9F78-25D1B793E0D6}.Debug|Any CPU.ActiveCfg = Debug|Any CPU
		{9C7BB617-FA22-4F00-9F78-25D1B793E0D6}.Debug|Any CPU.Build.0 = Debug|Any CPU
		{9C7BB617-FA22-4F00-9F78-25D1B793E0D6}.Release|Any CPU.ActiveCfg = Release|Any CPU
		{9C7BB617-FA22-4F00-9F78-25D1B793E0D6}.Release|Any CPU.Build.0 = Release|Any CPU
	EndGlobalSection
	GlobalSection(SolutionProperties) = preSolution
		HideSolutionNode = FALSE
	EndGlobalSection
	GlobalSection(ExtensibilityGlobals) = postSolution
		SolutionGuid = {F258E8F1-8DC5-4A9F-872C-B9CF4F9B72B8}
	EndGlobalSection
EndGlobal
