
Microsoft Visual Studio Solution File, Format Version 12.00
# Visual Studio Version 17
VisualStudioVersion = 17.13.35825.156 d17.13
MinimumVisualStudioVersion = 10.0.40219.1
Project("{FAE04EC0-301F-11D3-BF4B-00C04F79EFBC}") = "Array-Attempts", "Array-Attempts\Array-Attempts.csproj", "{6228012E-F115-416B-A4E4-659636F2470F}"
EndProject
Global
	GlobalSection(SolutionConfigurationPlatforms) = preSolution
		Debug|Any CPU = Debug|Any CPU
		Release|Any CPU = Release|Any CPU
	EndGlobalSection
	GlobalSection(ProjectConfigurationPlatforms) = postSolution
		{6228012E-F115-416B-A4E4-659636F2470F}.Debug|Any CPU.ActiveCfg = Debug|Any CPU
		{6228012E-F115-416B-A4E4-659636F2470F}.Debug|Any CPU.Build.0 = Debug|Any CPU
		{6228012E-F115-416B-A4E4-659636F2470F}.Release|Any CPU.ActiveCfg = Release|Any CPU
		{6228012E-F115-416B-A4E4-659636F2470F}.Release|Any CPU.Build.0 = Release|Any CPU
	EndGlobalSection
	GlobalSection(SolutionProperties) = preSolution
		HideSolutionNode = FALSE
	EndGlobalSection
	GlobalSection(ExtensibilityGlobals) = postSolution
		SolutionGuid = {1166BE7C-BF05-423E-A9EF-4460F0DE5BA5}
	EndGlobalSection
EndGlobal
