
Microsoft Visual Studio Solution File, Format Version 12.00
# Visual Studio Version 17
VisualStudioVersion = 17.13.35931.197 d17.13
MinimumVisualStudioVersion = 10.0.40219.1
Project("{FAE04EC0-301F-11D3-BF4B-00C04F79EFBC}") = "LibraryConsoleApp", "LibraryConsoleApp\LibraryConsoleApp.csproj", "{E4866A10-C85C-475D-810B-D6D487F34086}"
EndProject
Global
	GlobalSection(SolutionConfigurationPlatforms) = preSolution
		Debug|Any CPU = Debug|Any CPU
		Release|Any CPU = Release|Any CPU
	EndGlobalSection
	GlobalSection(ProjectConfigurationPlatforms) = postSolution
		{E4866A10-C85C-475D-810B-D6D487F34086}.Debug|Any CPU.ActiveCfg = Debug|Any CPU
		{E4866A10-C85C-475D-810B-D6D487F34086}.Debug|Any CPU.Build.0 = Debug|Any CPU
		{E4866A10-C85C-475D-810B-D6D487F34086}.Release|Any CPU.ActiveCfg = Release|Any CPU
		{E4866A10-C85C-475D-810B-D6D487F34086}.Release|Any CPU.Build.0 = Release|Any CPU
	EndGlobalSection
	GlobalSection(SolutionProperties) = preSolution
		HideSolutionNode = FALSE
	EndGlobalSection
	GlobalSection(ExtensibilityGlobals) = postSolution
		SolutionGuid = {F8B60DD6-09C2-443B-9937-C2DC17D6DBAB}
	EndGlobalSection
EndGlobal
