
Microsoft Visual Studio Solution File, Format Version 12.00
# Visual Studio Version 17
VisualStudioVersion = 17.13.35931.197
MinimumVisualStudioVersion = 10.0.40219.1
Project("{FAE04EC0-301F-11D3-BF4B-00C04F79EFBC}") = "KindHeart.MVC", "KindHeart.MVC\KindHeart.MVC.csproj", "{DA581A44-D230-4137-8483-EE0A231F8629}"
EndProject
Project("{FAE04EC0-301F-11D3-BF4B-00C04F79EFBC}") = "KindHeart.BL", "KindHeart.BL\KindHeart.BL.csproj", "{DBBED65D-F178-43AE-A378-A2B4EEC1FEED}"
EndProject
Project("{FAE04EC0-301F-11D3-BF4B-00C04F79EFBC}") = "KindHeart.DAL", "KindHeart.DAL\KindHeart.DAL.csproj", "{D244C9A7-051A-423A-BBAE-FCD51A4D9556}"
EndProject
Global
	GlobalSection(SolutionConfigurationPlatforms) = preSolution
		Debug|Any CPU = Debug|Any CPU
		Release|Any CPU = Release|Any CPU
	EndGlobalSection
	GlobalSection(ProjectConfigurationPlatforms) = postSolution
		{DA581A44-D230-4137-8483-EE0A231F8629}.Debug|Any CPU.ActiveCfg = Debug|Any CPU
		{DA581A44-D230-4137-8483-EE0A231F8629}.Debug|Any CPU.Build.0 = Debug|Any CPU
		{DA581A44-D230-4137-8483-EE0A231F8629}.Release|Any CPU.ActiveCfg = Release|Any CPU
		{DA581A44-D230-4137-8483-EE0A231F8629}.Release|Any CPU.Build.0 = Release|Any CPU
		{DBBED65D-F178-43AE-A378-A2B4EEC1FEED}.Debug|Any CPU.ActiveCfg = Debug|Any CPU
		{DBBED65D-F178-43AE-A378-A2B4EEC1FEED}.Debug|Any CPU.Build.0 = Debug|Any CPU
		{DBBED65D-F178-43AE-A378-A2B4EEC1FEED}.Release|Any CPU.ActiveCfg = Release|Any CPU
		{DBBED65D-F178-43AE-A378-A2B4EEC1FEED}.Release|Any CPU.Build.0 = Release|Any CPU
		{D244C9A7-051A-423A-BBAE-FCD51A4D9556}.Debug|Any CPU.ActiveCfg = Debug|Any CPU
		{D244C9A7-051A-423A-BBAE-FCD51A4D9556}.Debug|Any CPU.Build.0 = Debug|Any CPU
		{D244C9A7-051A-423A-BBAE-FCD51A4D9556}.Release|Any CPU.ActiveCfg = Release|Any CPU
		{D244C9A7-051A-423A-BBAE-FCD51A4D9556}.Release|Any CPU.Build.0 = Release|Any CPU
	EndGlobalSection
	GlobalSection(SolutionProperties) = preSolution
		HideSolutionNode = FALSE
	EndGlobalSection
	GlobalSection(ExtensibilityGlobals) = postSolution
		SolutionGuid = {E7EAFA82-634A-4642-9D60-7A1415DE26E3}
	EndGlobalSection
EndGlobal
