
Microsoft Visual Studio Solution File, Format Version 12.00
# Visual Studio Version 17
VisualStudioVersion = 17.13.35825.156 d17.13
MinimumVisualStudioVersion = 10.0.40219.1
Project("{FAE04EC0-301F-11D3-BF4B-00C04F79EFBC}") = "Vehicle", "Vehicle\Vehicle.csproj", "{2A6EEDE4-A5F3-4ABA-9868-4198067B9DE7}"
EndProject
Global
	GlobalSection(SolutionConfigurationPlatforms) = preSolution
		Debug|Any CPU = Debug|Any CPU
		Release|Any CPU = Release|Any CPU
	EndGlobalSection
	GlobalSection(ProjectConfigurationPlatforms) = postSolution
		{2A6EEDE4-A5F3-4ABA-9868-4198067B9DE7}.Debug|Any CPU.ActiveCfg = Debug|Any CPU
		{2A6EEDE4-A5F3-4ABA-9868-4198067B9DE7}.Debug|Any CPU.Build.0 = Debug|Any CPU
		{2A6EEDE4-A5F3-4ABA-9868-4198067B9DE7}.Release|Any CPU.ActiveCfg = Release|Any CPU
		{2A6EEDE4-A5F3-4ABA-9868-4198067B9DE7}.Release|Any CPU.Build.0 = Release|Any CPU
	EndGlobalSection
	GlobalSection(SolutionProperties) = preSolution
		HideSolutionNode = FALSE
	EndGlobalSection
	GlobalSection(ExtensibilityGlobals) = postSolution
		SolutionGuid = {A280B23C-E8CE-44DB-8217-456B17273ED4}
	EndGlobalSection
EndGlobal
