
Microsoft Visual Studio Solution File, Format Version 12.00
# Visual Studio Version 17
VisualStudioVersion = 17.13.35931.197 d17.13
MinimumVisualStudioVersion = 10.0.40219.1
Project("{FAE04EC0-301F-11D3-BF4B-00C04F79EFBC}") = "SmartHomeSystem", "SmartHomeSystem\SmartHomeSystem.csproj", "{F94181B8-A9E6-49B6-A956-6504EE3E1753}"
EndProject
Global
	GlobalSection(SolutionConfigurationPlatforms) = preSolution
		Debug|Any CPU = Debug|Any CPU
		Release|Any CPU = Release|Any CPU
	EndGlobalSection
	GlobalSection(ProjectConfigurationPlatforms) = postSolution
		{F94181B8-A9E6-49B6-A956-6504EE3E1753}.Debug|Any CPU.ActiveCfg = Debug|Any CPU
		{F94181B8-A9E6-49B6-A956-6504EE3E1753}.Debug|Any CPU.Build.0 = Debug|Any CPU
		{F94181B8-A9E6-49B6-A956-6504EE3E1753}.Release|Any CPU.ActiveCfg = Release|Any CPU
		{F94181B8-A9E6-49B6-A956-6504EE3E1753}.Release|Any CPU.Build.0 = Release|Any CPU
	EndGlobalSection
	GlobalSection(SolutionProperties) = preSolution
		HideSolutionNode = FALSE
	EndGlobalSection
	GlobalSection(ExtensibilityGlobals) = postSolution
		SolutionGuid = {CD83C2D3-579E-4EA0-826A-21B825C2468F}
	EndGlobalSection
EndGlobal
