
Microsoft Visual Studio Solution File, Format Version 12.00
# Visual Studio Version 17
VisualStudioVersion = 17.13.35931.197 d17.13
MinimumVisualStudioVersion = 10.0.40219.1
Project("{FAE04EC0-301F-11D3-BF4B-00C04F79EFBC}") = "GameStore.MVC", "GameStore.MVC\GameStore.MVC.csproj", "{415129A6-2A35-4A83-A45E-B7ABD9CA82A4}"
EndProject
Project("{FAE04EC0-301F-11D3-BF4B-00C04F79EFBC}") = "GameStore.BL", "GameStore.BL\GameStore.BL.csproj", "{6C45A75F-0594-424B-9A04-E543D77BEB27}"
EndProject
Project("{FAE04EC0-301F-11D3-BF4B-00C04F79EFBC}") = "GameStore.DAL", "GameStore.DAL\GameStore.DAL.csproj", "{3A20E4CD-411A-4744-A825-67ADAED0795A}"
EndProject
Global
	GlobalSection(SolutionConfigurationPlatforms) = preSolution
		Debug|Any CPU = Debug|Any CPU
		Release|Any CPU = Release|Any CPU
	EndGlobalSection
	GlobalSection(ProjectConfigurationPlatforms) = postSolution
		{415129A6-2A35-4A83-A45E-B7ABD9CA82A4}.Debug|Any CPU.ActiveCfg = Debug|Any CPU
		{415129A6-2A35-4A83-A45E-B7ABD9CA82A4}.Debug|Any CPU.Build.0 = Debug|Any CPU
		{415129A6-2A35-4A83-A45E-B7ABD9CA82A4}.Release|Any CPU.ActiveCfg = Release|Any CPU
		{415129A6-2A35-4A83-A45E-B7ABD9CA82A4}.Release|Any CPU.Build.0 = Release|Any CPU
		{6C45A75F-0594-424B-9A04-E543D77BEB27}.Debug|Any CPU.ActiveCfg = Debug|Any CPU
		{6C45A75F-0594-424B-9A04-E543D77BEB27}.Debug|Any CPU.Build.0 = Debug|Any CPU
		{6C45A75F-0594-424B-9A04-E543D77BEB27}.Release|Any CPU.ActiveCfg = Release|Any CPU
		{6C45A75F-0594-424B-9A04-E543D77BEB27}.Release|Any CPU.Build.0 = Release|Any CPU
		{3A20E4CD-411A-4744-A825-67ADAED0795A}.Debug|Any CPU.ActiveCfg = Debug|Any CPU
		{3A20E4CD-411A-4744-A825-67ADAED0795A}.Debug|Any CPU.Build.0 = Debug|Any CPU
		{3A20E4CD-411A-4744-A825-67ADAED0795A}.Release|Any CPU.ActiveCfg = Release|Any CPU
		{3A20E4CD-411A-4744-A825-67ADAED0795A}.Release|Any CPU.Build.0 = Release|Any CPU
	EndGlobalSection
	GlobalSection(SolutionProperties) = preSolution
		HideSolutionNode = FALSE
	EndGlobalSection
	GlobalSection(ExtensibilityGlobals) = postSolution
		SolutionGuid = {08EA689B-79C8-4C4F-A744-AB0C2C3DA600}
	EndGlobalSection
EndGlobal
