
Microsoft Visual Studio Solution File, Format Version 12.00
# Visual Studio Version 17
VisualStudioVersion = 17.13.35931.197 d17.13
MinimumVisualStudioVersion = 10.0.40219.1
Project("{FAE04EC0-301F-11D3-BF4B-00C04F79EFBC}") = "MusicPlayListConsoleApp", "MusicPlayListConsoleApp\MusicPlayListConsoleApp.csproj", "{941D0B5C-99AD-4D65-B364-4AB097BE4B92}"
EndProject
Global
	GlobalSection(SolutionConfigurationPlatforms) = preSolution
		Debug|Any CPU = Debug|Any CPU
		Release|Any CPU = Release|Any CPU
	EndGlobalSection
	GlobalSection(ProjectConfigurationPlatforms) = postSolution
		{941D0B5C-99AD-4D65-B364-4AB097BE4B92}.Debug|Any CPU.ActiveCfg = Debug|Any CPU
		{941D0B5C-99AD-4D65-B364-4AB097BE4B92}.Debug|Any CPU.Build.0 = Debug|Any CPU
		{941D0B5C-99AD-4D65-B364-4AB097BE4B92}.Release|Any CPU.ActiveCfg = Release|Any CPU
		{941D0B5C-99AD-4D65-B364-4AB097BE4B92}.Release|Any CPU.Build.0 = Release|Any CPU
	EndGlobalSection
	GlobalSection(SolutionProperties) = preSolution
		HideSolutionNode = FALSE
	EndGlobalSection
	GlobalSection(ExtensibilityGlobals) = postSolution
		SolutionGuid = {BA9231D0-69FE-4229-8C65-662A244E88E7}
	EndGlobalSection
EndGlobal
