
Microsoft Visual Studio Solution File, Format Version 12.00
# Visual Studio Version 17
VisualStudioVersion = 17.13.35825.156 d17.13
MinimumVisualStudioVersion = 10.0.40219.1
Project("{FAE04EC0-301F-11D3-BF4B-00C04F79EFBC}") = "ClassActivationAndInheritance", "Task\ClassActivationAndInheritance.csproj", "{596CA93D-AE22-4792-B1A9-162F11787E6D}"
EndProject
Global
	GlobalSection(SolutionConfigurationPlatforms) = preSolution
		Debug|Any CPU = Debug|Any CPU
		Release|Any CPU = Release|Any CPU
	EndGlobalSection
	GlobalSection(ProjectConfigurationPlatforms) = postSolution
		{596CA93D-AE22-4792-B1A9-162F11787E6D}.Debug|Any CPU.ActiveCfg = Debug|Any CPU
		{596CA93D-AE22-4792-B1A9-162F11787E6D}.Debug|Any CPU.Build.0 = Debug|Any CPU
		{596CA93D-AE22-4792-B1A9-162F11787E6D}.Release|Any CPU.ActiveCfg = Release|Any CPU
		{596CA93D-AE22-4792-B1A9-162F11787E6D}.Release|Any CPU.Build.0 = Release|Any CPU
	EndGlobalSection
	GlobalSection(SolutionProperties) = preSolution
		HideSolutionNode = FALSE
	EndGlobalSection
	GlobalSection(ExtensibilityGlobals) = postSolution
		SolutionGuid = {861B3288-E29F-4EAA-B9D2-C962784A12F6}
	EndGlobalSection
EndGlobal
