
Microsoft Visual Studio Solution File, Format Version 12.00
# Visual Studio Version 17
VisualStudioVersion = 17.13.35825.156 d17.13
MinimumVisualStudioVersion = 10.0.40219.1
Project("{FAE04EC0-301F-11D3-BF4B-00C04F79EFBC}") = "Villa.MVC", "Villa.MVC\Villa.MVC.csproj", "{978D8558-778D-413C-98FE-102BA94905CE}"
EndProject
Project("{FAE04EC0-301F-11D3-BF4B-00C04F79EFBC}") = "Villa.BL", "Villa.BL\Villa.BL.csproj", "{547D70CE-37BE-4A37-9423-A9C3D8CE8FA4}"
EndProject
Project("{FAE04EC0-301F-11D3-BF4B-00C04F79EFBC}") = "Villa.DAL", "Villa.DAL\Villa.DAL.csproj", "{6A16D23A-16A3-4FD9-BD77-624114CC05D2}"
EndProject
Global
	GlobalSection(SolutionConfigurationPlatforms) = preSolution
		Debug|Any CPU = Debug|Any CPU
		Release|Any CPU = Release|Any CPU
	EndGlobalSection
	GlobalSection(ProjectConfigurationPlatforms) = postSolution
		{978D8558-778D-413C-98FE-102BA94905CE}.Debug|Any CPU.ActiveCfg = Debug|Any CPU
		{978D8558-778D-413C-98FE-102BA94905CE}.Debug|Any CPU.Build.0 = Debug|Any CPU
		{978D8558-778D-413C-98FE-102BA94905CE}.Release|Any CPU.ActiveCfg = Release|Any CPU
		{978D8558-778D-413C-98FE-102BA94905CE}.Release|Any CPU.Build.0 = Release|Any CPU
		{547D70CE-37BE-4A37-9423-A9C3D8CE8FA4}.Debug|Any CPU.ActiveCfg = Debug|Any CPU
		{547D70CE-37BE-4A37-9423-A9C3D8CE8FA4}.Debug|Any CPU.Build.0 = Debug|Any CPU
		{547D70CE-37BE-4A37-9423-A9C3D8CE8FA4}.Release|Any CPU.ActiveCfg = Release|Any CPU
		{547D70CE-37BE-4A37-9423-A9C3D8CE8FA4}.Release|Any CPU.Build.0 = Release|Any CPU
		{6A16D23A-16A3-4FD9-BD77-624114CC05D2}.Debug|Any CPU.ActiveCfg = Debug|Any CPU
		{6A16D23A-16A3-4FD9-BD77-624114CC05D2}.Debug|Any CPU.Build.0 = Debug|Any CPU
		{6A16D23A-16A3-4FD9-BD77-624114CC05D2}.Release|Any CPU.ActiveCfg = Release|Any CPU
		{6A16D23A-16A3-4FD9-BD77-624114CC05D2}.Release|Any CPU.Build.0 = Release|Any CPU
	EndGlobalSection
	GlobalSection(SolutionProperties) = preSolution
		HideSolutionNode = FALSE
	EndGlobalSection
	GlobalSection(ExtensibilityGlobals) = postSolution
		SolutionGuid = {5D4497B2-25EB-474B-B415-AC14AFFB2C4E}
	EndGlobalSection
EndGlobal
