
Microsoft Visual Studio Solution File, Format Version 12.00
# Visual Studio Version 17
VisualStudioVersion = 17.13.35931.197 d17.13
MinimumVisualStudioVersion = 10.0.40219.1
Project("{FAE04EC0-301F-11D3-BF4B-00C04F79EFBC}") = "MyFirstWebApplication", "MyFirstWebApplication\MyFirstWebApplication.csproj", "{1F970A37-8C69-4216-8E70-2B5E5F7D6C2D}"
EndProject
Global
	GlobalSection(SolutionConfigurationPlatforms) = preSolution
		Debug|Any CPU = Debug|Any CPU
		Release|Any CPU = Release|Any CPU
	EndGlobalSection
	GlobalSection(ProjectConfigurationPlatforms) = postSolution
		{1F970A37-8C69-4216-8E70-2B5E5F7D6C2D}.Debug|Any CPU.ActiveCfg = Debug|Any CPU
		{1F970A37-8C69-4216-8E70-2B5E5F7D6C2D}.Debug|Any CPU.Build.0 = Debug|Any CPU
		{1F970A37-8C69-4216-8E70-2B5E5F7D6C2D}.Release|Any CPU.ActiveCfg = Release|Any CPU
		{1F970A37-8C69-4216-8E70-2B5E5F7D6C2D}.Release|Any CPU.Build.0 = Release|Any CPU
	EndGlobalSection
	GlobalSection(SolutionProperties) = preSolution
		HideSolutionNode = FALSE
	EndGlobalSection
	GlobalSection(ExtensibilityGlobals) = postSolution
		SolutionGuid = {669A895D-EEB5-4E8E-A5E5-A00297D6FABE}
	EndGlobalSection
EndGlobal
