
Microsoft Visual Studio Solution File, Format Version 12.00
# Visual Studio Version 17
VisualStudioVersion = 17.13.35825.156 d17.13
MinimumVisualStudioVersion = 10.0.40219.1
Project("{FAE04EC0-301F-11D3-BF4B-00C04F79EFBC}") = "WebKlinikApp", "WebKlinikApp\WebKlinikApp.csproj", "{047F56A9-2224-4175-9155-0512334AE541}"
EndProject
Global
	GlobalSection(SolutionConfigurationPlatforms) = preSolution
		Debug|Any CPU = Debug|Any CPU
		Release|Any CPU = Release|Any CPU
	EndGlobalSection
	GlobalSection(ProjectConfigurationPlatforms) = postSolution
		{047F56A9-2224-4175-9155-0512334AE541}.Debug|Any CPU.ActiveCfg = Debug|Any CPU
		{047F56A9-2224-4175-9155-0512334AE541}.Debug|Any CPU.Build.0 = Debug|Any CPU
		{047F56A9-2224-4175-9155-0512334AE541}.Release|Any CPU.ActiveCfg = Release|Any CPU
		{047F56A9-2224-4175-9155-0512334AE541}.Release|Any CPU.Build.0 = Release|Any CPU
	EndGlobalSection
	GlobalSection(SolutionProperties) = preSolution
		HideSolutionNode = FALSE
	EndGlobalSection
	GlobalSection(ExtensibilityGlobals) = postSolution
		SolutionGuid = {6EA3335D-15C9-4E82-8C99-FF2640CD2C5C}
	EndGlobalSection
EndGlobal
