
Microsoft Visual Studio Solution File, Format Version 12.00
# Visual Studio Version 17
VisualStudioVersion = 17.13.35825.156 d17.13
MinimumVisualStudioVersion = 10.0.40219.1
Project("{FAE04EC0-301F-11D3-BF4B-00C04F79EFBC}") = "NFT.MVC", "NFT.MVC\NFT.MVC.csproj", "{F333042B-043B-46B4-91CD-6B94F3652F32}"
EndProject
Project("{FAE04EC0-301F-11D3-BF4B-00C04F79EFBC}") = "NFT.DAL", "NFT.DAL\NFT.DAL.csproj", "{C90E76CD-FF2A-4189-A1CE-1AF5BD1F9E29}"
EndProject
Project("{FAE04EC0-301F-11D3-BF4B-00C04F79EFBC}") = "NFT.BL", "NFT.BL\NFT.BL.csproj", "{F3586DC0-2DF8-45A0-A710-5A456C72846A}"
EndProject
Global
	GlobalSection(SolutionConfigurationPlatforms) = preSolution
		Debug|Any CPU = Debug|Any CPU
		Release|Any CPU = Release|Any CPU
	EndGlobalSection
	GlobalSection(ProjectConfigurationPlatforms) = postSolution
		{F333042B-043B-46B4-91CD-6B94F3652F32}.Debug|Any CPU.ActiveCfg = Debug|Any CPU
		{F333042B-043B-46B4-91CD-6B94F3652F32}.Debug|Any CPU.Build.0 = Debug|Any CPU
		{F333042B-043B-46B4-91CD-6B94F3652F32}.Release|Any CPU.ActiveCfg = Release|Any CPU
		{F333042B-043B-46B4-91CD-6B94F3652F32}.Release|Any CPU.Build.0 = Release|Any CPU
		{C90E76CD-FF2A-4189-A1CE-1AF5BD1F9E29}.Debug|Any CPU.ActiveCfg = Debug|Any CPU
		{C90E76CD-FF2A-4189-A1CE-1AF5BD1F9E29}.Debug|Any CPU.Build.0 = Debug|Any CPU
		{C90E76CD-FF2A-4189-A1CE-1AF5BD1F9E29}.Release|Any CPU.ActiveCfg = Release|Any CPU
		{C90E76CD-FF2A-4189-A1CE-1AF5BD1F9E29}.Release|Any CPU.Build.0 = Release|Any CPU
		{F3586DC0-2DF8-45A0-A710-5A456C72846A}.Debug|Any CPU.ActiveCfg = Debug|Any CPU
		{F3586DC0-2DF8-45A0-A710-5A456C72846A}.Debug|Any CPU.Build.0 = Debug|Any CPU
		{F3586DC0-2DF8-45A0-A710-5A456C72846A}.Release|Any CPU.ActiveCfg = Release|Any CPU
		{F3586DC0-2DF8-45A0-A710-5A456C72846A}.Release|Any CPU.Build.0 = Release|Any CPU
	EndGlobalSection
	GlobalSection(SolutionProperties) = preSolution
		HideSolutionNode = FALSE
	EndGlobalSection
	GlobalSection(ExtensibilityGlobals) = postSolution
		SolutionGuid = {35EE88C4-D07A-42A1-A3A1-43FF067509DE}
	EndGlobalSection
EndGlobal
