
Microsoft Visual Studio Solution File, Format Version 12.00
# Visual Studio Version 17
VisualStudioVersion = 17.13.35825.156 d17.13
MinimumVisualStudioVersion = 10.0.40219.1
Project("{FAE04EC0-301F-11D3-BF4B-00C04F79EFBC}") = "CarVilla.DAL", "CarVilla.DAL\CarVilla.DAL.csproj", "{DFFA6856-ECCC-4DE8-90A4-5586A1E54B6C}"
EndProject
Project("{FAE04EC0-301F-11D3-BF4B-00C04F79EFBC}") = "CarVilla.BL", "CarVilla.BL\CarVilla.BL.csproj", "{7F0C8A24-F289-4299-9E9A-CD7F938C1CA1}"
EndProject
Project("{FAE04EC0-301F-11D3-BF4B-00C04F79EFBC}") = "CarVilla.MVC", "CarVilla.MVC\CarVilla.MVC.csproj", "{589619E9-A8EB-4A7D-9214-E1D59FF8F86F}"
EndProject
Global
	GlobalSection(SolutionConfigurationPlatforms) = preSolution
		Debug|Any CPU = Debug|Any CPU
		Release|Any CPU = Release|Any CPU
	EndGlobalSection
	GlobalSection(ProjectConfigurationPlatforms) = postSolution
		{DFFA6856-ECCC-4DE8-90A4-5586A1E54B6C}.Debug|Any CPU.ActiveCfg = Debug|Any CPU
		{DFFA6856-ECCC-4DE8-90A4-5586A1E54B6C}.Debug|Any CPU.Build.0 = Debug|Any CPU
		{DFFA6856-ECCC-4DE8-90A4-5586A1E54B6C}.Release|Any CPU.ActiveCfg = Release|Any CPU
		{DFFA6856-ECCC-4DE8-90A4-5586A1E54B6C}.Release|Any CPU.Build.0 = Release|Any CPU
		{7F0C8A24-F289-4299-9E9A-CD7F938C1CA1}.Debug|Any CPU.ActiveCfg = Debug|Any CPU
		{7F0C8A24-F289-4299-9E9A-CD7F938C1CA1}.Debug|Any CPU.Build.0 = Debug|Any CPU
		{7F0C8A24-F289-4299-9E9A-CD7F938C1CA1}.Release|Any CPU.ActiveCfg = Release|Any CPU
		{7F0C8A24-F289-4299-9E9A-CD7F938C1CA1}.Release|Any CPU.Build.0 = Release|Any CPU
		{589619E9-A8EB-4A7D-9214-E1D59FF8F86F}.Debug|Any CPU.ActiveCfg = Debug|Any CPU
		{589619E9-A8EB-4A7D-9214-E1D59FF8F86F}.Debug|Any CPU.Build.0 = Debug|Any CPU
		{589619E9-A8EB-4A7D-9214-E1D59FF8F86F}.Release|Any CPU.ActiveCfg = Release|Any CPU
		{589619E9-A8EB-4A7D-9214-E1D59FF8F86F}.Release|Any CPU.Build.0 = Release|Any CPU
	EndGlobalSection
	GlobalSection(SolutionProperties) = preSolution
		HideSolutionNode = FALSE
	EndGlobalSection
	GlobalSection(ExtensibilityGlobals) = postSolution
		SolutionGuid = {3520CD52-39B6-4136-87E3-4230E8DCB0C8}
	EndGlobalSection
EndGlobal
